// !$*UTF8*$!
{
	archiveVersion = 1;
	classes = {
	};
	objectVersion = 50;
	objects = {

/* Begin PBXBuildFile section */
		CB29FE3B20D829FF00609171 /* AppDelegate.swift in Sources */ = {isa = PBXBuildFile; fileRef = CB29FE3A20D829FF00609171 /* AppDelegate.swift */; };
		CB29FE3D20D829FF00609171 /* ViewController.swift in Sources */ = {isa = PBXBuildFile; fileRef = CB29FE3C20D829FF00609171 /* ViewController.swift */; };
		CB29FE4020D829FF00609171 /* Main.storyboard in Resources */ = {isa = PBXBuildFile; fileRef = CB29FE3E20D829FF00609171 /* Main.storyboard */; };
		CB29FE4220D82A0000609171 /* Assets.xcassets in Resources */ = {isa = PBXBuildFile; fileRef = CB29FE4120D82A0000609171 /* Assets.xcassets */; };
		CB29FE4520D82A0000609171 /* LaunchScreen.storyboard in Resources */ = {isa = PBXBuildFile; fileRef = CB29FE4320D82A0000609171 /* LaunchScreen.storyboard */; };
		CB29FE5220D82A1500609171 /* Interface.storyboard in Resources */ = {isa = PBXBuildFile; fileRef = CB29FE5020D82A1500609171 /* Interface.storyboard */; };
		CB29FE5420D82A1600609171 /* Assets.xcassets in Resources */ = {isa = PBXBuildFile; fileRef = CB29FE5320D82A1600609171 /* Assets.xcassets */; };
		CB29FE5B20D82A1700609171 /* MazeGame Extension.appex in Embed App Extensions */ = {isa = PBXBuildFile; fileRef = CB29FE5A20D82A1700609171 /* MazeGame Extension.appex */; settings = {ATTRIBUTES = (RemoveHeadersOnCopy, ); }; };
		CB29FE6020D82A1700609171 /* InterfaceController.swift in Sources */ = {isa = PBXBuildFile; fileRef = CB29FE5F20D82A1700609171 /* InterfaceController.swift */; };
		CB29FE6220D82A1700609171 /* GameScene.sks in Resources */ = {isa = PBXBuildFile; fileRef = CB29FE6120D82A1700609171 /* GameScene.sks */; };
		CB29FE6420D82A1700609171 /* GameScene.swift in Sources */ = {isa = PBXBuildFile; fileRef = CB29FE6320D82A1700609171 /* GameScene.swift */; };
		CB29FE6620D82A1700609171 /* ExtensionDelegate.swift in Sources */ = {isa = PBXBuildFile; fileRef = CB29FE6520D82A1700609171 /* ExtensionDelegate.swift */; };
		CB29FE6820D82A1700609171 /* NotificationController.swift in Sources */ = {isa = PBXBuildFile; fileRef = CB29FE6720D82A1700609171 /* NotificationController.swift */; };
		CB29FE6A20D82A1700609171 /* Assets.xcassets in Resources */ = {isa = PBXBuildFile; fileRef = CB29FE6920D82A1700609171 /* Assets.xcassets */; };
		CB29FE6F20D82A1700609171 /* MazeGame.app in Embed Watch Content */ = {isa = PBXBuildFile; fileRef = CB29FE4E20D82A1500609171 /* MazeGame.app */; };
/* End PBXBuildFile section */

/* Begin PBXContainerItemProxy section */
		CB29FE5C20D82A1700609171 /* PBXContainerItemProxy */ = {
			isa = PBXContainerItemProxy;
			containerPortal = CB29FE2F20D829FF00609171 /* Project object */;
			proxyType = 1;
			remoteGlobalIDString = CB29FE5920D82A1700609171;
			remoteInfo = "MazeGame Extension";
		};
		CB29FE6D20D82A1700609171 /* PBXContainerItemProxy */ = {
			isa = PBXContainerItemProxy;
			containerPortal = CB29FE2F20D829FF00609171 /* Project object */;
			proxyType = 1;
			remoteGlobalIDString = CB29FE4D20D82A1500609171;
			remoteInfo = MazeGame;
		};
/* End PBXContainerItemProxy section */

/* Begin PBXCopyFilesBuildPhase section */
		CB29FE7320D82A1700609171 /* Embed App Extensions */ = {
			isa = PBXCopyFilesBuildPhase;
			buildActionMask = 2147483647;
			dstPath = "";
			dstSubfolderSpec = 13;
			files = (
				CB29FE5B20D82A1700609171 /* MazeGame Extension.appex in Embed App Extensions */,
			);
			name = "Embed App Extensions";
			runOnlyForDeploymentPostprocessing = 0;
		};
		CB29FE7720D82A1700609171 /* Embed Watch Content */ = {
			isa = PBXCopyFilesBuildPhase;
			buildActionMask = 2147483647;
			dstPath = "$(CONTENTS_FOLDER_PATH)/Watch";
			dstSubfolderSpec = 16;
			files = (
				CB29FE6F20D82A1700609171 /* MazeGame.app in Embed Watch Content */,
			);
			name = "Embed Watch Content";
			runOnlyForDeploymentPostprocessing = 0;
		};
/* End PBXCopyFilesBuildPhase section */

/* Begin PBXFileReference section */
		CB29FE3720D829FF00609171 /* MazeWatch.app */ = {isa = PBXFileReference; explicitFileType = wrapper.application; includeInIndex = 0; path = MazeWatch.app; sourceTree = BUILT_PRODUCTS_DIR; };
		CB29FE3A20D829FF00609171 /* AppDelegate.swift */ = {isa = PBXFileReference; lastKnownFileType = sourcecode.swift; path = AppDelegate.swift; sourceTree = "<group>"; };
		CB29FE3C20D829FF00609171 /* ViewController.swift */ = {isa = PBXFileReference; lastKnownFileType = sourcecode.swift; path = ViewController.swift; sourceTree = "<group>"; };
		CB29FE3F20D829FF00609171 /* Base */ = {isa = PBXFileReference; lastKnownFileType = file.storyboard; name = Base; path = Base.lproj/Main.storyboard; sourceTree = "<group>"; };
		CB29FE4120D82A0000609171 /* Assets.xcassets */ = {isa = PBXFileReference; lastKnownFileType = folder.assetcatalog; path = Assets.xcassets; sourceTree = "<group>"; };
		CB29FE4420D82A0000609171 /* Base */ = {isa = PBXFileReference; lastKnownFileType = file.storyboard; name = Base; path = Base.lproj/LaunchScreen.storyboard; sourceTree = "<group>"; };
		CB29FE4620D82A0000609171 /* Info.plist */ = {isa = PBXFileReference; lastKnownFileType = text.plist.xml; path = Info.plist; sourceTree = "<group>"; };
		CB29FE4E20D82A1500609171 /* MazeGame.app */ = {isa = PBXFileReference; explicitFileType = wrapper.application; includeInIndex = 0; path = MazeGame.app; sourceTree = BUILT_PRODUCTS_DIR; };
		CB29FE5120D82A1500609171 /* Base */ = {isa = PBXFileReference; lastKnownFileType = file.storyboard; name = Base; path = Base.lproj/Interface.storyboard; sourceTree = "<group>"; };
		CB29FE5320D82A1600609171 /* Assets.xcassets */ = {isa = PBXFileReference; lastKnownFileType = folder.assetcatalog; path = Assets.xcassets; sourceTree = "<group>"; };
		CB29FE5520D82A1600609171 /* Info.plist */ = {isa = PBXFileReference; lastKnownFileType = text.plist.xml; path = Info.plist; sourceTree = "<group>"; };
		CB29FE5A20D82A1700609171 /* MazeGame Extension.appex */ = {isa = PBXFileReference; explicitFileType = "wrapper.app-extension"; includeInIndex = 0; path = "MazeGame Extension.appex"; sourceTree = BUILT_PRODUCTS_DIR; };
		CB29FE5F20D82A1700609171 /* InterfaceController.swift */ = {isa = PBXFileReference; lastKnownFileType = sourcecode.swift; path = InterfaceController.swift; sourceTree = "<group>"; };
		CB29FE6120D82A1700609171 /* GameScene.sks */ = {isa = PBXFileReference; lastKnownFileType = file.sks; path = GameScene.sks; sourceTree = "<group>"; };
		CB29FE6320D82A1700609171 /* GameScene.swift */ = {isa = PBXFileReference; lastKnownFileType = sourcecode.swift; path = GameScene.swift; sourceTree = "<group>"; };
		CB29FE6520D82A1700609171 /* ExtensionDelegate.swift */ = {isa = PBXFileReference; lastKnownFileType = sourcecode.swift; path = ExtensionDelegate.swift; sourceTree = "<group>"; };
		CB29FE6720D82A1700609171 /* NotificationController.swift */ = {isa = PBXFileReference; lastKnownFileType = sourcecode.swift; path = NotificationController.swift; sourceTree = "<group>"; };
		CB29FE6920D82A1700609171 /* Assets.xcassets */ = {isa = PBXFileReference; lastKnownFileType = folder.assetcatalog; path = Assets.xcassets; sourceTree = "<group>"; };
		CB29FE6B20D82A1700609171 /* Info.plist */ = {isa = PBXFileReference; lastKnownFileType = text.plist.xml; path = Info.plist; sourceTree = "<group>"; };
		CB29FE6C20D82A1700609171 /* PushNotificationPayload.apns */ = {isa = PBXFileReference; lastKnownFileType = text; path = PushNotificationPayload.apns; sourceTree = "<group>"; };
/* End PBXFileReference section */

/* Begin PBXFrameworksBuildPhase section */
		CB29FE3420D829FF00609171 /* Frameworks */ = {
			isa = PBXFrameworksBuildPhase;
			buildActionMask = 2147483647;
			files = (
			);
			runOnlyForDeploymentPostprocessing = 0;
		};
		CB29FE5720D82A1700609171 /* Frameworks */ = {
			isa = PBXFrameworksBuildPhase;
			buildActionMask = 2147483647;
			files = (
			);
			runOnlyForDeploymentPostprocessing = 0;
		};
/* End PBXFrameworksBuildPhase section */

/* Begin PBXGroup section */
		CB29FE2E20D829FF00609171 = {
			isa = PBXGroup;
			children = (
				CB29FE3920D829FF00609171 /* MazeWatch */,
				CB29FE4F20D82A1500609171 /* MazeGame */,
				CB29FE5E20D82A1700609171 /* MazeGame Extension */,
				CB29FE3820D829FF00609171 /* Products */,
			);
			sourceTree = "<group>";
		};
		CB29FE3820D829FF00609171 /* Products */ = {
			isa = PBXGroup;
			children = (
				CB29FE3720D829FF00609171 /* MazeWatch.app */,
				CB29FE4E20D82A1500609171 /* MazeGame.app */,
				CB29FE5A20D82A1700609171 /* MazeGame Extension.appex */,
			);
			name = Products;
			sourceTree = "<group>";
		};
		CB29FE3920D829FF00609171 /* MazeWatch */ = {
			isa = PBXGroup;
			children = (
				CB29FE3A20D829FF00609171 /* AppDelegate.swift */,
				CB29FE3C20D829FF00609171 /* ViewController.swift */,
				CB29FE3E20D829FF00609171 /* Main.storyboard */,
				CB29FE4120D82A0000609171 /* Assets.xcassets */,
				CB29FE4320D82A0000609171 /* LaunchScreen.storyboard */,
				CB29FE4620D82A0000609171 /* Info.plist */,
			);
			path = MazeWatch;
			sourceTree = "<group>";
		};
		CB29FE4F20D82A1500609171 /* MazeGame */ = {
			isa = PBXGroup;
			children = (
				CB29FE5020D82A1500609171 /* Interface.storyboard */,
				CB29FE5320D82A1600609171 /* Assets.xcassets */,
				CB29FE5520D82A1600609171 /* Info.plist */,
			);
			path = MazeGame;
			sourceTree = "<group>";
		};
		CB29FE5E20D82A1700609171 /* MazeGame Extension */ = {
			isa = PBXGroup;
			children = (
				CB29FE5F20D82A1700609171 /* InterfaceController.swift */,
				CB29FE6120D82A1700609171 /* GameScene.sks */,
				CB29FE6320D82A1700609171 /* GameScene.swift */,
				CB29FE6520D82A1700609171 /* ExtensionDelegate.swift */,
				CB29FE6720D82A1700609171 /* NotificationController.swift */,
				CB29FE6920D82A1700609171 /* Assets.xcassets */,
				CB29FE6B20D82A1700609171 /* Info.plist */,
				CB29FE6C20D82A1700609171 /* PushNotificationPayload.apns */,
			);
			path = "MazeGame Extension";
			sourceTree = "<group>";
		};
/* End PBXGroup section */

/* Begin PBXNativeTarget section */
		CB29FE3620D829FF00609171 /* MazeWatch */ = {
			isa = PBXNativeTarget;
			buildConfigurationList = CB29FE4920D82A0000609171 /* Build configuration list for PBXNativeTarget "MazeWatch" */;
			buildPhases = (
				CB29FE3320D829FF00609171 /* Sources */,
				CB29FE3420D829FF00609171 /* Frameworks */,
				CB29FE3520D829FF00609171 /* Resources */,
				CB29FE7720D82A1700609171 /* Embed Watch Content */,
			);
			buildRules = (
			);
			dependencies = (
				CB29FE6E20D82A1700609171 /* PBXTargetDependency */,
			);
			name = MazeWatch;
			productName = MazeWatch;
			productReference = CB29FE3720D829FF00609171 /* MazeWatch.app */;
			productType = "com.apple.product-type.application";
		};
		CB29FE4D20D82A1500609171 /* MazeGame */ = {
			isa = PBXNativeTarget;
			buildConfigurationList = CB29FE7420D82A1700609171 /* Build configuration list for PBXNativeTarget "MazeGame" */;
			buildPhases = (
				CB29FE4C20D82A1500609171 /* Resources */,
				CB29FE7320D82A1700609171 /* Embed App Extensions */,
			);
			buildRules = (
			);
			dependencies = (
				CB29FE5D20D82A1700609171 /* PBXTargetDependency */,
			);
			name = MazeGame;
			productName = MazeGame;
			productReference = CB29FE4E20D82A1500609171 /* MazeGame.app */;
			productType = "com.apple.product-type.application.watchapp2";
		};
		CB29FE5920D82A1700609171 /* MazeGame Extension */ = {
			isa = PBXNativeTarget;
			buildConfigurationList = CB29FE7020D82A1700609171 /* Build configuration list for PBXNativeTarget "MazeGame Extension" */;
			buildPhases = (
				CB29FE5620D82A1700609171 /* Sources */,
				CB29FE5720D82A1700609171 /* Frameworks */,
				CB29FE5820D82A1700609171 /* Resources */,
			);
			buildRules = (
			);
			dependencies = (
			);
			name = "MazeGame Extension";
			productName = "MazeGame Extension";
			productReference = CB29FE5A20D82A1700609171 /* MazeGame Extension.appex */;
			productType = "com.apple.product-type.watchkit2-extension";
		};
/* End PBXNativeTarget section */

/* Begin PBXProject section */
		CB29FE2F20D829FF00609171 /* Project object */ = {
			isa = PBXProject;
			attributes = {
				LastSwiftUpdateCheck = 0930;
				LastUpgradeCheck = 0930;
				ORGANIZATIONNAME = "Bianca Itiroko";
				TargetAttributes = {
					CB29FE3620D829FF00609171 = {
						CreatedOnToolsVersion = 9.3.1;
					};
					CB29FE4D20D82A1500609171 = {
						CreatedOnToolsVersion = 9.3.1;
					};
					CB29FE5920D82A1700609171 = {
						CreatedOnToolsVersion = 9.3.1;
					};
				};
			};
			buildConfigurationList = CB29FE3220D829FF00609171 /* Build configuration list for PBXProject "MazeWatch" */;
			compatibilityVersion = "Xcode 9.3";
			developmentRegion = en;
			hasScannedForEncodings = 0;
			knownRegions = (
				en,
				Base,
			);
			mainGroup = CB29FE2E20D829FF00609171;
			productRefGroup = CB29FE3820D829FF00609171 /* Products */;
			projectDirPath = "";
			projectRoot = "";
			targets = (
				CB29FE3620D829FF00609171 /* MazeWatch */,
				CB29FE4D20D82A1500609171 /* MazeGame */,
				CB29FE5920D82A1700609171 /* MazeGame Extension */,
			);
		};
/* End PBXProject section */

/* Begin PBXResourcesBuildPhase section */
		CB29FE3520D829FF00609171 /* Resources */ = {
			isa = PBXResourcesBuildPhase;
			buildActionMask = 2147483647;
			files = (
				CB29FE4520D82A0000609171 /* LaunchScreen.storyboard in Resources */,
				CB29FE4220D82A0000609171 /* Assets.xcassets in Resources */,
				CB29FE4020D829FF00609171 /* Main.storyboard in Resources */,
			);
			runOnlyForDeploymentPostprocessing = 0;
		};
		CB29FE4C20D82A1500609171 /* Resources */ = {
			isa = PBXResourcesBuildPhase;
			buildActionMask = 2147483647;
			files = (
				CB29FE5420D82A1600609171 /* Assets.xcassets in Resources */,
				CB29FE5220D82A1500609171 /* Interface.storyboard in Resources */,
			);
			runOnlyForDeploymentPostprocessing = 0;
		};
		CB29FE5820D82A1700609171 /* Resources */ = {
			isa = PBXResourcesBuildPhase;
			buildActionMask = 2147483647;
			files = (
				CB29FE6A20D82A1700609171 /* Assets.xcassets in Resources */,
				CB29FE6220D82A1700609171 /* GameScene.sks in Resources */,
			);
			runOnlyForDeploymentPostprocessing = 0;
		};
/* End PBXResourcesBuildPhase section */

/* Begin PBXSourcesBuildPhase section */
		CB29FE3320D829FF00609171 /* Sources */ = {
			isa = PBXSourcesBuildPhase;
			buildActionMask = 2147483647;
			files = (
				CB29FE3D20D829FF00609171 /* ViewController.swift in Sources */,
				CB29FE3B20D829FF00609171 /* AppDelegate.swift in Sources */,
			);
			runOnlyForDeploymentPostprocessing = 0;
		};
		CB29FE5620D82A1700609171 /* Sources */ = {
			isa = PBXSourcesBuildPhase;
			buildActionMask = 2147483647;
			files = (
				CB29FE6420D82A1700609171 /* GameScene.swift in Sources */,
				CB29FE6020D82A1700609171 /* InterfaceController.swift in Sources */,
				CB29FE6820D82A1700609171 /* NotificationController.swift in Sources */,
				CB29FE6620D82A1700609171 /* ExtensionDelegate.swift in Sources */,
			);
			runOnlyForDeploymentPostprocessing = 0;
		};
/* End PBXSourcesBuildPhase section */

/* Begin PBXTargetDependency section */
		CB29FE5D20D82A1700609171 /* PBXTargetDependency */ = {
			isa = PBXTargetDependency;
			target = CB29FE5920D82A1700609171 /* MazeGame Extension */;
			targetProxy = CB29FE5C20D82A1700609171 /* PBXContainerItemProxy */;
		};
		CB29FE6E20D82A1700609171 /* PBXTargetDependency */ = {
			isa = PBXTargetDependency;
			target = CB29FE4D20D82A1500609171 /* MazeGame */;
			targetProxy = CB29FE6D20D82A1700609171 /* PBXContainerItemProxy */;
		};
/* End PBXTargetDependency section */

/* Begin PBXVariantGroup section */
		CB29FE3E20D829FF00609171 /* Main.storyboard */ = {
			isa = PBXVariantGroup;
			children = (
				CB29FE3F20D829FF00609171 /* Base */,
			);
			name = Main.storyboard;
			sourceTree = "<group>";
		};
		CB29FE4320D82A0000609171 /* LaunchScreen.storyboard */ = {
			isa = PBXVariantGroup;
			children = (
				CB29FE4420D82A0000609171 /* Base */,
			);
			name = LaunchScreen.storyboard;
			sourceTree = "<group>";
		};
		CB29FE5020D82A1500609171 /* Interface.storyboard */ = {
			isa = PBXVariantGroup;
			children = (
				CB29FE5120D82A1500609171 /* Base */,
			);
			name = Interface.storyboard;
			sourceTree = "<group>";
		};
/* End PBXVariantGroup section */

/* Begin XCBuildConfiguration section */
		CB29FE4720D82A0000609171 /* Debug */ = {
			isa = XCBuildConfiguration;
			buildSettings = {
				ALWAYS_SEARCH_USER_PATHS = NO;
				CLANG_ANALYZER_NONNULL = YES;
				CLANG_ANALYZER_NUMBER_OBJECT_CONVERSION = YES_AGGRESSIVE;
				CLANG_CXX_LANGUAGE_STANDARD = "gnu++14";
				CLANG_CXX_LIBRARY = "libc++";
				CLANG_ENABLE_MODULES = YES;
				CLANG_ENABLE_OBJC_ARC = YES;
				CLANG_ENABLE_OBJC_WEAK = YES;
				CLANG_WARN_BLOCK_CAPTURE_AUTORELEASING = YES;
				CLANG_WARN_BOOL_CONVERSION = YES;
				CLANG_WARN_COMMA = YES;
				CLANG_WARN_CONSTANT_CONVERSION = YES;
				CLANG_WARN_DEPRECATED_OBJC_IMPLEMENTATIONS = YES;
				CLANG_WARN_DIRECT_OBJC_ISA_USAGE = YES_ERROR;
				CLANG_WARN_DOCUMENTATION_COMMENTS = YES;
				CLANG_WARN_EMPTY_BODY = YES;
				CLANG_WARN_ENUM_CONVERSION = YES;
				CLANG_WARN_INFINITE_RECURSION = YES;
				CLANG_WARN_INT_CONVERSION = YES;
				CLANG_WARN_NON_LITERAL_NULL_CONVERSION = YES;
				CLANG_WARN_OBJC_IMPLICIT_RETAIN_SELF = YES;
				CLANG_WARN_OBJC_LITERAL_CONVERSION = YES;
				CLANG_WARN_OBJC_ROOT_CLASS = YES_ERROR;
				CLANG_WARN_RANGE_LOOP_ANALYSIS = YES;
				CLANG_WARN_STRICT_PROTOTYPES = YES;
				CLANG_WARN_SUSPICIOUS_MOVE = YES;
				CLANG_WARN_UNGUARDED_AVAILABILITY = YES_AGGRESSIVE;
				CLANG_WARN_UNREACHABLE_CODE = YES;
				CLANG_WARN__DUPLICATE_METHOD_MATCH = YES;
				CODE_SIGN_IDENTITY = "iPhone Developer";
				COPY_PHASE_STRIP = NO;
				DEBUG_INFORMATION_FORMAT = dwarf;
				ENABLE_STRICT_OBJC_MSGSEND = YES;
				ENABLE_TESTABILITY = YES;
				GCC_C_LANGUAGE_STANDARD = gnu11;
				GCC_DYNAMIC_NO_PIC = NO;
				GCC_NO_COMMON_BLOCKS = YES;
				GCC_OPTIMIZATION_LEVEL = 0;
				GCC_PREPROCESSOR_DEFINITIONS = (
					"DEBUG=1",
					"$(inherited)",
				);
				GCC_WARN_64_TO_32_BIT_CONVERSION = YES;
				GCC_WARN_ABOUT_RETURN_TYPE = YES_ERROR;
				GCC_WARN_UNDECLARED_SELECTOR = YES;
				GCC_WARN_UNINITIALIZED_AUTOS = YES_AGGRESSIVE;
				GCC_WARN_UNUSED_FUNCTION = YES;
				GCC_WARN_UNUSED_VARIABLE = YES;
				IPHONEOS_DEPLOYMENT_TARGET = 11.0;
				MTL_ENABLE_DEBUG_INFO = YES;
				ONLY_ACTIVE_ARCH = YES;
				SDKROOT = iphoneos;
				SWIFT_ACTIVE_COMPILATION_CONDITIONS = DEBUG;
				SWIFT_OPTIMIZATION_LEVEL = "-Onone";
			};
			name = Debug;
		};
		CB29FE4820D82A0000609171 /* Release */ = {
			isa = XCBuildConfiguration;
			buildSettings = {
				ALWAYS_SEARCH_USER_PATHS = NO;
				CLANG_ANALYZER_NONNULL = YES;
				CLANG_ANALYZER_NUMBER_OBJECT_CONVERSION = YES_AGGRESSIVE;
				CLANG_CXX_LANGUAGE_STANDARD = "gnu++14";
				CLANG_CXX_LIBRARY = "libc++";
				CLANG_ENABLE_MODULES = YES;
				CLANG_ENABLE_OBJC_ARC = YES;
				CLANG_ENABLE_OBJC_WEAK = YES;
				CLANG_WARN_BLOCK_CAPTURE_AUTORELEASING = YES;
				CLANG_WARN_BOOL_CONVERSION = YES;
				CLANG_WARN_COMMA = YES;
				CLANG_WARN_CONSTANT_CONVERSION = YES;
				CLANG_WARN_DEPRECATED_OBJC_IMPLEMENTATIONS = YES;
				CLANG_WARN_DIRECT_OBJC_ISA_USAGE = YES_ERROR;
				CLANG_WARN_DOCUMENTATION_COMMENTS = YES;
				CLANG_WARN_EMPTY_BODY = YES;
				CLANG_WARN_ENUM_CONVERSION = YES;
				CLANG_WARN_INFINITE_RECURSION = YES;
				CLANG_WARN_INT_CONVERSION = YES;
				CLANG_WARN_NON_LITERAL_NULL_CONVERSION = YES;
				CLANG_WARN_OBJC_IMPLICIT_RETAIN_SELF = YES;
				CLANG_WARN_OBJC_LITERAL_CONVERSION = YES;
				CLANG_WARN_OBJC_ROOT_CLASS = YES_ERROR;
				CLANG_WARN_RANGE_LOOP_ANALYSIS = YES;
				CLANG_WARN_STRICT_PROTOTYPES = YES;
				CLANG_WARN_SUSPICIOUS_MOVE = YES;
				CLANG_WARN_UNGUARDED_AVAILABILITY = YES_AGGRESSIVE;
				CLANG_WARN_UNREACHABLE_CODE = YES;
				CLANG_WARN__DUPLICATE_METHOD_MATCH = YES;
				CODE_SIGN_IDENTITY = "iPhone Developer";
				COPY_PHASE_STRIP = NO;
				DEBUG_INFORMATION_FORMAT = "dwarf-with-dsym";
				ENABLE_NS_ASSERTIONS = NO;
				ENABLE_STRICT_OBJC_MSGSEND = YES;
				GCC_C_LANGUAGE_STANDARD = gnu11;
				GCC_NO_COMMON_BLOCKS = YES;
				GCC_WARN_64_TO_32_BIT_CONVERSION = YES;
				GCC_WARN_ABOUT_RETURN_TYPE = YES_ERROR;
				GCC_WARN_UNDECLARED_SELECTOR = YES;
				GCC_WARN_UNINITIALIZED_AUTOS = YES_AGGRESSIVE;
				GCC_WARN_UNUSED_FUNCTION = YES;
				GCC_WARN_UNUSED_VARIABLE = YES;
				IPHONEOS_DEPLOYMENT_TARGET = 11.0;
				MTL_ENABLE_DEBUG_INFO = NO;
				SDKROOT = iphoneos;
				SWIFT_COMPILATION_MODE = wholemodule;
				SWIFT_OPTIMIZATION_LEVEL = "-O";
				VALIDATE_PRODUCT = YES;
			};
			name = Release;
		};
		CB29FE4A20D82A0000609171 /* Debug */ = {
			isa = XCBuildConfiguration;
			buildSettings = {
				ASSETCATALOG_COMPILER_APPICON_NAME = AppIcon;
				CODE_SIGN_STYLE = Automatic;
				DEVELOPMENT_TEAM = GJ5VL7QF9C;
				INFOPLIST_FILE = MazeWatch/Info.plist;
				IPHONEOS_DEPLOYMENT_TARGET = 11.0;
				LD_RUNPATH_SEARCH_PATHS = (
					"$(inherited)",
					"@executable_path/Frameworks",
				);
				PRODUCT_BUNDLE_IDENTIFIER = com.BiancaItiroko.MazeWatch;
				PRODUCT_NAME = "$(TARGET_NAME)";
				SWIFT_VERSION = 4.0;
				TARGETED_DEVICE_FAMILY = "1,2";
			};
			name = Debug;
		};
		CB29FE4B20D82A0000609171 /* Release */ = {
			isa = XCBuildConfiguration;
			buildSettings = {
				ASSETCATALOG_COMPILER_APPICON_NAME = AppIcon;
				CODE_SIGN_STYLE = Automatic;
				DEVELOPMENT_TEAM = GJ5VL7QF9C;
				INFOPLIST_FILE = MazeWatch/Info.plist;
				IPHONEOS_DEPLOYMENT_TARGET = 11.0;
				LD_RUNPATH_SEARCH_PATHS = (
					"$(inherited)",
					"@executable_path/Frameworks",
				);
				PRODUCT_BUNDLE_IDENTIFIER = com.BiancaItiroko.MazeWatch;
				PRODUCT_NAME = "$(TARGET_NAME)";
				SWIFT_VERSION = 4.0;
				TARGETED_DEVICE_FAMILY = "1,2";
			};
			name = Release;
		};
		CB29FE7120D82A1700609171 /* Debug */ = {
			isa = XCBuildConfiguration;
			buildSettings = {
				ASSETCATALOG_COMPILER_COMPLICATION_NAME = Complication;
				CODE_SIGN_STYLE = Automatic;
				DEVELOPMENT_TEAM = GJ5VL7QF9C;
				INFOPLIST_FILE = "MazeGame Extension/Info.plist";
				LD_RUNPATH_SEARCH_PATHS = (
					"$(inherited)",
					"@executable_path/Frameworks",
					"@executable_path/../../Frameworks",
				);
				PRODUCT_BUNDLE_IDENTIFIER = com.BiancaItiroko.MazeWatch.watchkitapp.watchkitextension;
				PRODUCT_NAME = "${TARGET_NAME}";
				SDKROOT = watchos;
				SKIP_INSTALL = YES;
				SWIFT_VERSION = 4.0;
				TARGETED_DEVICE_FAMILY = 4;
				WATCHOS_DEPLOYMENT_TARGET = 4.0;
			};
			name = Debug;
		};
		CB29FE7220D82A1700609171 /* Release */ = {
			isa = XCBuildConfiguration;
			buildSettings = {
				ASSETCATALOG_COMPILER_COMPLICATION_NAME = Complication;
				CODE_SIGN_STYLE = Automatic;
				DEVELOPMENT_TEAM = GJ5VL7QF9C;
				INFOPLIST_FILE = "MazeGame Extension/Info.plist";
				LD_RUNPATH_SEARCH_PATHS = (
					"$(inherited)",
					"@executable_path/Frameworks",
					"@executable_path/../../Frameworks",
				);
				PRODUCT_BUNDLE_IDENTIFIER = com.BiancaItiroko.MazeWatch.watchkitapp.watchkitextension;
				PRODUCT_NAME = "${TARGET_NAME}";
				SDKROOT = watchos;
				SKIP_INSTALL = YES;
				SWIFT_VERSION = 4.0;
				TARGETED_DEVICE_FAMILY = 4;
				WATCHOS_DEPLOYMENT_TARGET = 4.0;
			};
			name = Release;
		};
		CB29FE7520D82A1700609171 /* Debug */ = {
			isa = XCBuildConfiguration;
			buildSettings = {
				ALWAYS_EMBED_SWIFT_STANDARD_LIBRARIES = YES;
				ASSETCATALOG_COMPILER_APPICON_NAME = AppIcon;
				CODE_SIGN_STYLE = Automatic;
				DEVELOPMENT_TEAM = GJ5VL7QF9C;
				IBSC_MODULE = MazeGame_Extension;
				INFOPLIST_FILE = MazeGame/Info.plist;
				PRODUCT_BUNDLE_IDENTIFIER = com.BiancaItiroko.MazeWatch.watchkitapp;
				PRODUCT_NAME = "$(TARGET_NAME)";
				SDKROOT = watchos;
				SKIP_INSTALL = YES;
				SWIFT_VERSION = 4.0;
				TARGETED_DEVICE_FAMILY = 4;
				WATCHOS_DEPLOYMENT_TARGET = 4.0;
			};
			name = Debug;
		};
		CB29FE7620D82A1700609171 /* Release */ = {
			isa = XCBuildConfiguration;
			buildSettings = {
				ALWAYS_EMBED_SWIFT_STANDARD_LIBRARIES = YES;
				ASSETCATALOG_COMPILER_APPICON_NAME = AppIcon;
				CODE_SIGN_STYLE = Automatic;
				DEVELOPMENT_TEAM = GJ5VL7QF9C;
				IBSC_MODULE = MazeGame_Extension;
				INFOPLIST_FILE = MazeGame/Info.plist;
				PRODUCT_BUNDLE_IDENTIFIER = com.BiancaItiroko.MazeWatch.watchkitapp;
				PRODUCT_NAME = "$(TARGET_NAME)";
				SDKROOT = watchos;
				SKIP_INSTALL = YES;
				SWIFT_VERSION = 4.0;
				TARGETED_DEVICE_FAMILY = 4;
				WATCHOS_DEPLOYMENT_TARGET = 4.0;
			};
			name = Release;
		};
/* End XCBuildConfiguration section */

/* Begin XCConfigurationList section */
		CB29FE3220D829FF00609171 /* Build configuration list for PBXProject "MazeWatch" */ = {
			isa = XCConfigurationList;
			buildConfigurations = (
				CB29FE4720D82A0000609171 /* Debug */,
				CB29FE4820D82A0000609171 /* Release */,
			);
			defaultConfigurationIsVisible = 0;
			defaultConfigurationName = Release;
		};
		CB29FE4920D82A0000609171 /* Build configuration list for PBXNativeTarget "MazeWatch" */ = {
			isa = XCConfigurationList;
			buildConfigurations = (
				CB29FE4A20D82A0000609171 /* Debug */,
				CB29FE4B20D82A0000609171 /* Release */,
			);
			defaultConfigurationIsVisible = 0;
			defaultConfigurationName = Release;
		};
		CB29FE7020D82A1700609171 /* Build configuration list for PBXNativeTarget "MazeGame Extension" */ = {
			isa = XCConfigurationList;
			buildConfigurations = (
				CB29FE7120D82A1700609171 /* Debug */,
				CB29FE7220D82A1700609171 /* Release */,
			);
			defaultConfigurationIsVisible = 0;
			defaultConfigurationName = Release;
		};
		CB29FE7420D82A1700609171 /* Build configuration list for PBXNativeTarget "MazeGame" */ = {
			isa = XCConfigurationList;
			buildConfigurations = (
				CB29FE7520D82A1700609171 /* Debug */,
				CB29FE7620D82A1700609171 /* Release */,
			);
			defaultConfigurationIsVisible = 0;
			defaultConfigurationName = Release;
		};
/* End XCConfigurationList section */
	};
	rootObject = CB29FE2F20D829FF00609171 /* Project object */;
}
